
Microsoft Visual Studio Solution File, Format Version 12.00
# Visual Studio Version 17
VisualStudioVersion = 17.14.36616.10 d17.14
MinimumVisualStudioVersion = 10.0.40219.1
Project("{8BC9CEB8-8B4A-11D0-8D11-00A0C91BC942}") = "Project2", "Project2\Project2.vcxproj", "{9DCD10FE-1E43-4BB5-9EED-80061571C693}"
EndProject
Global
	GlobalSection(SolutionConfigurationPlatforms) = preSolution
		Debug|x64 = Debug|x64
		Debug|x86 = Debug|x86
		Release|x64 = Release|x64
		Release|x86 = Release|x86
	EndGlobalSection
	GlobalSection(ProjectConfigurationPlatforms) = postSolution
		{9DCD10FE-1E43-4BB5-9EED-80061571C693}.Debug|x64.ActiveCfg = Debug|x64
		{9DCD10FE-1E43-4BB5-9EED-80061571C693}.Debug|x64.Build.0 = Debug|x64
		{9DCD10FE-1E43-4BB5-9EED-80061571C693}.Debug|x86.ActiveCfg = Debug|Win32
		{9DCD10FE-1E43-4BB5-9EED-80061571C693}.Debug|x86.Build.0 = Debug|Win32
		{9DCD10FE-1E43-4BB5-9EED-80061571C693}.Release|x64.ActiveCfg = Release|x64
		{9DCD10FE-1E43-4BB5-9EED-80061571C693}.Release|x64.Build.0 = Release|x64
		{9DCD10FE-1E43-4BB5-9EED-80061571C693}.Release|x86.ActiveCfg = Release|Win32
		{9DCD10FE-1E43-4BB5-9EED-80061571C693}.Release|x86.Build.0 = Release|Win32
	EndGlobalSection
	GlobalSection(SolutionProperties) = preSolution
		HideSolutionNode = FALSE
	EndGlobalSection
	GlobalSection(ExtensibilityGlobals) = postSolution
		SolutionGuid = {447708CD-6C22-4990-8BA9-BF2035DB3674}
	EndGlobalSection
EndGlobal
